// !$*UTF8*$!
{
	archiveVersion = 1;
	classes = {
	};
	objectVersion = 46;
	objects = {

/* Begin PBXBuildFile section */
		487C340018E99B37008F65EC /* Foundation.framework in Frameworks */ = {isa = PBXBuildFile; fileRef = 487C33FF18E99B37008F65EC /* Foundation.framework */; };
		487C340218E99B37008F65EC /* CoreGraphics.framework in Frameworks */ = {isa = PBXBuildFile; fileRef = 487C340118E99B37008F65EC /* CoreGraphics.framework */; };
		487C340418E99B37008F65EC /* UIKit.framework in Frameworks */ = {isa = PBXBuildFile; fileRef = 487C340318E99B37008F65EC /* UIKit.framework */; };
		487C340A18E99B37008F65EC /* InfoPlist.strings in Resources */ = {isa = PBXBuildFile; fileRef = 487C340818E99B37008F65EC /* InfoPlist.strings */; };
		487C340C18E99B37008F65EC /* main.m in Sources */ = {isa = PBXBuildFile; fileRef = 487C340B18E99B37008F65EC /* main.m */; };
		487C341018E99B37008F65EC /* AppDelegate.m in Sources */ = {isa = PBXBuildFile; fileRef = 487C340F18E99B37008F65EC /* AppDelegate.m */; };
		487C341318E99B37008F65EC /* Main.storyboard in Resources */ = {isa = PBXBuildFile; fileRef = 487C341118E99B37008F65EC /* Main.storyboard */; };
		487C341618E99B38008F65EC /* ViewController.m in Sources */ = {isa = PBXBuildFile; fileRef = 487C341518E99B38008F65EC /* ViewController.m */; };
		487C341818E99B38008F65EC /* Images.xcassets in Resources */ = {isa = PBXBuildFile; fileRef = 487C341718E99B38008F65EC /* Images.xcassets */; };
		487C341F18E99B38008F65EC /* XCTest.framework in Frameworks */ = {isa = PBXBuildFile; fileRef = 487C341E18E99B38008F65EC /* XCTest.framework */; };
		487C342018E99B38008F65EC /* Foundation.framework in Frameworks */ = {isa = PBXBuildFile; fileRef = 487C33FF18E99B37008F65EC /* Foundation.framework */; };
		487C342118E99B38008F65EC /* UIKit.framework in Frameworks */ = {isa = PBXBuildFile; fileRef = 487C340318E99B37008F65EC /* UIKit.framework */; };
		487C342918E99B38008F65EC /* InfoPlist.strings in Resources */ = {isa = PBXBuildFile; fileRef = 487C342718E99B38008F65EC /* InfoPlist.strings */; };
		487C342B18E99B38008F65EC /* JKPickerViewControllerExampleTests.m in Sources */ = {isa = PBXBuildFile; fileRef = 487C342A18E99B38008F65EC /* JKPickerViewControllerExampleTests.m */; };
/* End PBXBuildFile section */

/* Begin PBXContainerItemProxy section */
		487C342218E99B38008F65EC /* PBXContainerItemProxy */ = {
			isa = PBXContainerItemProxy;
			containerPortal = 487C33F418E99B37008F65EC /* Project object */;
			proxyType = 1;
			remoteGlobalIDString = 487C33FB18E99B37008F65EC;
			remoteInfo = JKPickerViewControllerExample;
		};
/* End PBXContainerItemProxy section */

/* Begin PBXFileReference section */
		487C33FC18E99B37008F65EC /* JKPickerViewControllerExample.app */ = {isa = PBXFileReference; explicitFileType = wrapper.application; includeInIndex = 0; path = JKPickerViewControllerExample.app; sourceTree = BUILT_PRODUCTS_DIR; };
		487C33FF18E99B37008F65EC /* Foundation.framework */ = {isa = PBXFileReference; lastKnownFileType = wrapper.framework; name = Foundation.framework; path = System/Library/Frameworks/Foundation.framework; sourceTree = SDKROOT; };
		487C340118E99B37008F65EC /* CoreGraphics.framework */ = {isa = PBXFileReference; lastKnownFileType = wrapper.framework; name = CoreGraphics.framework; path = System/Library/Frameworks/CoreGraphics.framework; sourceTree = SDKROOT; };
		487C340318E99B37008F65EC /* UIKit.framework */ = {isa = PBXFileReference; lastKnownFileType = wrapper.framework; name = UIKit.framework; path = System/Library/Frameworks/UIKit.framework; sourceTree = SDKROOT; };
		487C340718E99B37008F65EC /* JKPickerViewControllerExample-Info.plist */ = {isa = PBXFileReference; lastKnownFileType = text.plist.xml; path = "JKPickerViewControllerExample-Info.plist"; sourceTree = "<group>"; };
		487C340918E99B37008F65EC /* en */ = {isa = PBXFileReference; lastKnownFileType = text.plist.strings; name = en; path = en.lproj/InfoPlist.strings; sourceTree = "<group>"; };
		487C340B18E99B37008F65EC /* main.m */ = {isa = PBXFileReference; lastKnownFileType = sourcecode.c.objc; path = main.m; sourceTree = "<group>"; };
		487C340D18E99B37008F65EC /* JKPickerViewControllerExample-Prefix.pch */ = {isa = PBXFileReference; lastKnownFileType = sourcecode.c.h; path = "JKPickerViewControllerExample-Prefix.pch"; sourceTree = "<group>"; };
		487C340E18E99B37008F65EC /* AppDelegate.h */ = {isa = PBXFileReference; lastKnownFileType = sourcecode.c.h; path = AppDelegate.h; sourceTree = "<group>"; };
		487C340F18E99B37008F65EC /* AppDelegate.m */ = {isa = PBXFileReference; lastKnownFileType = sourcecode.c.objc; path = AppDelegate.m; sourceTree = "<group>"; };
		487C341218E99B37008F65EC /* Base */ = {isa = PBXFileReference; lastKnownFileType = file.storyboard; name = Base; path = Base.lproj/Main.storyboard; sourceTree = "<group>"; };
		487C341418E99B38008F65EC /* ViewController.h */ = {isa = PBXFileReference; lastKnownFileType = sourcecode.c.h; path = ViewController.h; sourceTree = "<group>"; };
		487C341518E99B38008F65EC /* ViewController.m */ = {isa = PBXFileReference; lastKnownFileType = sourcecode.c.objc; path = ViewController.m; sourceTree = "<group>"; };
		487C341718E99B38008F65EC /* Images.xcassets */ = {isa = PBXFileReference; lastKnownFileType = folder.assetcatalog; path = Images.xcassets; sourceTree = "<group>"; };
		487C341D18E99B38008F65EC /* JKPickerViewControllerExampleTests.xctest */ = {isa = PBXFileReference; explicitFileType = wrapper.cfbundle; includeInIndex = 0; path = JKPickerViewControllerExampleTests.xctest; sourceTree = BUILT_PRODUCTS_DIR; };
		487C341E18E99B38008F65EC /* XCTest.framework */ = {isa = PBXFileReference; lastKnownFileType = wrapper.framework; name = XCTest.framework; path = Library/Frameworks/XCTest.framework; sourceTree = DEVELOPER_DIR; };
		487C342618E99B38008F65EC /* JKPickerViewControllerExampleTests-Info.plist */ = {isa = PBXFileReference; lastKnownFileType = text.plist.xml; path = "JKPickerViewControllerExampleTests-Info.plist"; sourceTree = "<group>"; };
		487C342818E99B38008F65EC /* en */ = {isa = PBXFileReference; lastKnownFileType = text.plist.strings; name = en; path = en.lproj/InfoPlist.strings; sourceTree = "<group>"; };
		487C342A18E99B38008F65EC /* JKPickerViewControllerExampleTests.m */ = {isa = PBXFileReference; lastKnownFileType = sourcecode.c.objc; path = JKPickerViewControllerExampleTests.m; sourceTree = "<group>"; };
/* End PBXFileReference section */

/* Begin PBXFrameworksBuildPhase section */
		487C33F918E99B37008F65EC /* Frameworks */ = {
			isa = PBXFrameworksBuildPhase;
			buildActionMask = 2147483647;
			files = (
				487C340218E99B37008F65EC /* CoreGraphics.framework in Frameworks */,
				487C340418E99B37008F65EC /* UIKit.framework in Frameworks */,
				487C340018E99B37008F65EC /* Foundation.framework in Frameworks */,
			);
			runOnlyForDeploymentPostprocessing = 0;
		};
		487C341A18E99B38008F65EC /* Frameworks */ = {
			isa = PBXFrameworksBuildPhase;
			buildActionMask = 2147483647;
			files = (
				487C341F18E99B38008F65EC /* XCTest.framework in Frameworks */,
				487C342118E99B38008F65EC /* UIKit.framework in Frameworks */,
				487C342018E99B38008F65EC /* Foundation.framework in Frameworks */,
			);
			runOnlyForDeploymentPostprocessing = 0;
		};
/* End PBXFrameworksBuildPhase section */

/* Begin PBXGroup section */
		487C33F318E99B37008F65EC = {
			isa = PBXGroup;
			children = (
				487C340518E99B37008F65EC /* JKPickerViewControllerExample */,
				487C342418E99B38008F65EC /* JKPickerViewControllerExampleTests */,
				487C33FE18E99B37008F65EC /* Frameworks */,
				487C33FD18E99B37008F65EC /* Products */,
			);
			sourceTree = "<group>";
		};
		487C33FD18E99B37008F65EC /* Products */ = {
			isa = PBXGroup;
			children = (
				487C33FC18E99B37008F65EC /* JKPickerViewControllerExample.app */,
				487C341D18E99B38008F65EC /* JKPickerViewControllerExampleTests.xctest */,
			);
			name = Products;
			sourceTree = "<group>";
		};
		487C33FE18E99B37008F65EC /* Frameworks */ = {
			isa = PBXGroup;
			children = (
				487C33FF18E99B37008F65EC /* Foundation.framework */,
				487C340118E99B37008F65EC /* CoreGraphics.framework */,
				487C340318E99B37008F65EC /* UIKit.framework */,
				487C341E18E99B38008F65EC /* XCTest.framework */,
			);
			name = Frameworks;
			sourceTree = "<group>";
		};
		487C340518E99B37008F65EC /* JKPickerViewControllerExample */ = {
			isa = PBXGroup;
			children = (
				487C340E18E99B37008F65EC /* AppDelegate.h */,
				487C340F18E99B37008F65EC /* AppDelegate.m */,
				487C341118E99B37008F65EC /* Main.storyboard */,
				487C341418E99B38008F65EC /* ViewController.h */,
				487C341518E99B38008F65EC /* ViewController.m */,
				487C341718E99B38008F65EC /* Images.xcassets */,
				487C340618E99B37008F65EC /* Supporting Files */,
			);
			path = JKPickerViewControllerExample;
			sourceTree = "<group>";
		};
		487C340618E99B37008F65EC /* Supporting Files */ = {
			isa = PBXGroup;
			children = (
				487C340718E99B37008F65EC /* JKPickerViewControllerExample-Info.plist */,
				487C340818E99B37008F65EC /* InfoPlist.strings */,
				487C340B18E99B37008F65EC /* main.m */,
				487C340D18E99B37008F65EC /* JKPickerViewControllerExample-Prefix.pch */,
			);
			name = "Supporting Files";
			sourceTree = "<group>";
		};
		487C342418E99B38008F65EC /* JKPickerViewControllerExampleTests */ = {
			isa = PBXGroup;
			children = (
				487C342A18E99B38008F65EC /* JKPickerViewControllerExampleTests.m */,
				487C342518E99B38008F65EC /* Supporting Files */,
			);
			path = JKPickerViewControllerExampleTests;
			sourceTree = "<group>";
		};
		487C342518E99B38008F65EC /* Supporting Files */ = {
			isa = PBXGroup;
			children = (
				487C342618E99B38008F65EC /* JKPickerViewControllerExampleTests-Info.plist */,
				487C342718E99B38008F65EC /* InfoPlist.strings */,
			);
			name = "Supporting Files";
			sourceTree = "<group>";
		};
/* End PBXGroup section */

/* Begin PBXNativeTarget section */
		487C33FB18E99B37008F65EC /* JKPickerViewControllerExample */ = {
			isa = PBXNativeTarget;
			buildConfigurationList = 487C342E18E99B38008F65EC /* Build configuration list for PBXNativeTarget "JKPickerViewControllerExample" */;
			buildPhases = (
				487C33F818E99B37008F65EC /* Sources */,
				487C33F918E99B37008F65EC /* Frameworks */,
				487C33FA18E99B37008F65EC /* Resources */,
			);
			buildRules = (
			);
			dependencies = (
			);
			name = JKPickerViewControllerExample;
			productName = JKPickerViewControllerExample;
			productReference = 487C33FC18E99B37008F65EC /* JKPickerViewControllerExample.app */;
			productType = "com.apple.product-type.application";
		};
		487C341C18E99B38008F65EC /* JKPickerViewControllerExampleTests */ = {
			isa = PBXNativeTarget;
			buildConfigurationList = 487C343118E99B38008F65EC /* Build configuration list for PBXNativeTarget "JKPickerViewControllerExampleTests" */;
			buildPhases = (
				487C341918E99B38008F65EC /* Sources */,
				487C341A18E99B38008F65EC /* Frameworks */,
				487C341B18E99B38008F65EC /* Resources */,
			);
			buildRules = (
			);
			dependencies = (
				487C342318E99B38008F65EC /* PBXTargetDependency */,
			);
			name = JKPickerViewControllerExampleTests;
			productName = JKPickerViewControllerExampleTests;
			productReference = 487C341D18E99B38008F65EC /* JKPickerViewControllerExampleTests.xctest */;
			productType = "com.apple.product-type.bundle.unit-test";
		};
/* End PBXNativeTarget section */

/* Begin PBXProject section */
		487C33F418E99B37008F65EC /* Project object */ = {
			isa = PBXProject;
			attributes = {
				LastUpgradeCheck = 0510;
				ORGANIZATIONNAME = "Jobin Kurian";
				TargetAttributes = {
					487C341C18E99B38008F65EC = {
						TestTargetID = 487C33FB18E99B37008F65EC;
					};
				};
			};
			buildConfigurationList = 487C33F718E99B37008F65EC /* Build configuration list for PBXProject "JKPickerViewControllerExample" */;
			compatibilityVersion = "Xcode 3.2";
			developmentRegion = English;
			hasScannedForEncodings = 0;
			knownRegions = (
				en,
				Base,
			);
			mainGroup = 487C33F318E99B37008F65EC;
			productRefGroup = 487C33FD18E99B37008F65EC /* Products */;
			projectDirPath = "";
			projectRoot = "";
			targets = (
				487C33FB18E99B37008F65EC /* JKPickerViewControllerExample */,
				487C341C18E99B38008F65EC /* JKPickerViewControllerExampleTests */,
			);
		};
/* End PBXProject section */

/* Begin PBXResourcesBuildPhase section */
		487C33FA18E99B37008F65EC /* Resources */ = {
			isa = PBXResourcesBuildPhase;
			buildActionMask = 2147483647;
			files = (
				487C341818E99B38008F65EC /* Images.xcassets in Resources */,
				487C340A18E99B37008F65EC /* InfoPlist.strings in Resources */,
				487C341318E99B37008F65EC /* Main.storyboard in Resources */,
			);
			runOnlyForDeploymentPostprocessing = 0;
		};
		487C341B18E99B38008F65EC /* Resources */ = {
			isa = PBXResourcesBuildPhase;
			buildActionMask = 2147483647;
			files = (
				487C342918E99B38008F65EC /* InfoPlist.strings in Resources */,
			);
			runOnlyForDeploymentPostprocessing = 0;
		};
/* End PBXResourcesBuildPhase section */

/* Begin PBXSourcesBuildPhase section */
		487C33F818E99B37008F65EC /* Sources */ = {
			isa = PBXSourcesBuildPhase;
			buildActionMask = 2147483647;
			files = (
				487C341618E99B38008F65EC /* ViewController.m in Sources */,
				487C341018E99B37008F65EC /* AppDelegate.m in Sources */,
				487C340C18E99B37008F65EC /* main.m in Sources */,
			);
			runOnlyForDeploymentPostprocessing = 0;
		};
		487C341918E99B38008F65EC /* Sources */ = {
			isa = PBXSourcesBuildPhase;
			buildActionMask = 2147483647;
			files = (
				487C342B18E99B38008F65EC /* JKPickerViewControllerExampleTests.m in Sources */,
			);
			runOnlyForDeploymentPostprocessing = 0;
		};
/* End PBXSourcesBuildPhase section */

/* Begin PBXTargetDependency section */
		487C342318E99B38008F65EC /* PBXTargetDependency */ = {
			isa = PBXTargetDependency;
			target = 487C33FB18E99B37008F65EC /* JKPickerViewControllerExample */;
			targetProxy = 487C342218E99B38008F65EC /* PBXContainerItemProxy */;
		};
/* End PBXTargetDependency section */

/* Begin PBXVariantGroup section */
		487C340818E99B37008F65EC /* InfoPlist.strings */ = {
			isa = PBXVariantGroup;
			children = (
				487C340918E99B37008F65EC /* en */,
			);
			name = InfoPlist.strings;
			sourceTree = "<group>";
		};
		487C341118E99B37008F65EC /* Main.storyboard */ = {
			isa = PBXVariantGroup;
			children = (
				487C341218E99B37008F65EC /* Base */,
			);
			name = Main.storyboard;
			sourceTree = "<group>";
		};
		487C342718E99B38008F65EC /* InfoPlist.strings */ = {
			isa = PBXVariantGroup;
			children = (
				487C342818E99B38008F65EC /* en */,
			);
			name = InfoPlist.strings;
			sourceTree = "<group>";
		};
/* End PBXVariantGroup section */

/* Begin XCBuildConfiguration section */
		487C342C18E99B38008F65EC /* Debug */ = {
			isa = XCBuildConfiguration;
			buildSettings = {
				ALWAYS_SEARCH_USER_PATHS = NO;
				CLANG_CXX_LANGUAGE_STANDARD = "gnu++0x";
				CLANG_CXX_LIBRARY = "libc++";
				CLANG_ENABLE_MODULES = YES;
				CLANG_ENABLE_OBJC_ARC = YES;
				CLANG_WARN_BOOL_CONVERSION = YES;
				CLANG_WARN_CONSTANT_CONVERSION = YES;
				CLANG_WARN_DIRECT_OBJC_ISA_USAGE = YES_ERROR;
				CLANG_WARN_EMPTY_BODY = YES;
				CLANG_WARN_ENUM_CONVERSION = YES;
				CLANG_WARN_INT_CONVERSION = YES;
				CLANG_WARN_OBJC_ROOT_CLASS = YES_ERROR;
				CLANG_WARN__DUPLICATE_METHOD_MATCH = YES;
				"CODE_SIGN_IDENTITY[sdk=iphoneos*]" = "iPhone Developer";
				COPY_PHASE_STRIP = NO;
				GCC_C_LANGUAGE_STANDARD = gnu99;
				GCC_DYNAMIC_NO_PIC = NO;
				GCC_OPTIMIZATION_LEVEL = 0;
				GCC_PREPROCESSOR_DEFINITIONS = (
					"DEBUG=1",
					"$(inherited)",
				);
				GCC_SYMBOLS_PRIVATE_EXTERN = NO;
				GCC_WARN_64_TO_32_BIT_CONVERSION = YES;
				GCC_WARN_ABOUT_RETURN_TYPE = YES_ERROR;
				GCC_WARN_UNDECLARED_SELECTOR = YES;
				GCC_WARN_UNINITIALIZED_AUTOS = YES_AGGRESSIVE;
				GCC_WARN_UNUSED_FUNCTION = YES;
				GCC_WARN_UNUSED_VARIABLE = YES;
				IPHONEOS_DEPLOYMENT_TARGET = 7.1;
				ONLY_ACTIVE_ARCH = YES;
				SDKROOT = iphoneos;
			};
			name = Debug;
		};
		487C342D18E99B38008F65EC /* Release */ = {
			isa = XCBuildConfiguration;
			buildSettings = {
				ALWAYS_SEARCH_USER_PATHS = NO;
				CLANG_CXX_LANGUAGE_STANDARD = "gnu++0x";
				CLANG_CXX_LIBRARY = "libc++";
				CLANG_ENABLE_MODULES = YES;
				CLANG_ENABLE_OBJC_ARC = YES;
				CLANG_WARN_BOOL_CONVERSION = YES;
				CLANG_WARN_CONSTANT_CONVERSION = YES;
				CLANG_WARN_DIRECT_OBJC_ISA_USAGE = YES_ERROR;
				CLANG_WARN_EMPTY_BODY = YES;
				CLANG_WARN_ENUM_CONVERSION = YES;
				CLANG_WARN_INT_CONVERSION = YES;
				CLANG_WARN_OBJC_ROOT_CLASS = YES_ERROR;
				CLANG_WARN__DUPLICATE_METHOD_MATCH = YES;
				"CODE_SIGN_IDENTITY[sdk=iphoneos*]" = "iPhone Developer";
				COPY_PHASE_STRIP = YES;
				ENABLE_NS_ASSERTIONS = NO;
				GCC_C_LANGUAGE_STANDARD = gnu99;
				GCC_WARN_64_TO_32_BIT_CONVERSION = YES;
				GCC_WARN_ABOUT_RETURN_TYPE = YES_ERROR;
				GCC_WARN_UNDECLARED_SELECTOR = YES;
				GCC_WARN_UNINITIALIZED_AUTOS = YES_AGGRESSIVE;
				GCC_WARN_UNUSED_FUNCTION = YES;
				GCC_WARN_UNUSED_VARIABLE = YES;
				IPHONEOS_DEPLOYMENT_TARGET = 7.1;
				SDKROOT = iphoneos;
				VALIDATE_PRODUCT = YES;
			};
			name = Release;
		};
		487C342F18E99B38008F65EC /* Debug */ = {
			isa = XCBuildConfiguration;
			buildSettings = {
				ASSETCATALOG_COMPILER_APPICON_NAME = AppIcon;
				ASSETCATALOG_COMPILER_LAUNCHIMAGE_NAME = LaunchImage;
				GCC_PRECOMPILE_PREFIX_HEADER = YES;
				GCC_PREFIX_HEADER = "JKPickerViewControllerExample/JKPickerViewControllerExample-Prefix.pch";
				INFOPLIST_FILE = "JKPickerViewControllerExample/JKPickerViewControllerExample-Info.plist";
				PRODUCT_NAME = "$(TARGET_NAME)";
				WRAPPER_EXTENSION = app;
			};
			name = Debug;
		};
		487C343018E99B38008F65EC /* Release */ = {
			isa = XCBuildConfiguration;
			buildSettings = {
				ASSETCATALOG_COMPILER_APPICON_NAME = AppIcon;
				ASSETCATALOG_COMPILER_LAUNCHIMAGE_NAME = LaunchImage;
				GCC_PRECOMPILE_PREFIX_HEADER = YES;
				GCC_PREFIX_HEADER = "JKPickerViewControllerExample/JKPickerViewControllerExample-Prefix.pch";
				INFOPLIST_FILE = "JKPickerViewControllerExample/JKPickerViewControllerExample-Info.plist";
				PRODUCT_NAME = "$(TARGET_NAME)";
				WRAPPER_EXTENSION = app;
			};
			name = Release;
		};
		487C343218E99B38008F65EC /* Debug */ = {
			isa = XCBuildConfiguration;
			buildSettings = {
				BUNDLE_LOADER = "$(BUILT_PRODUCTS_DIR)/JKPickerViewControllerExample.app/JKPickerViewControllerExample";
				FRAMEWORK_SEARCH_PATHS = (
					"$(SDKROOT)/Developer/Library/Frameworks",
					"$(inherited)",
					"$(DEVELOPER_FRAMEWORKS_DIR)",
				);
				GCC_PRECOMPILE_PREFIX_HEADER = YES;
				GCC_PREFIX_HEADER = "JKPickerViewControllerExample/JKPickerViewControllerExample-Prefix.pch";
				GCC_PREPROCESSOR_DEFINITIONS = (
					"DEBUG=1",
					"$(inherited)",
				);
				INFOPLIST_FILE = "JKPickerViewControllerExampleTests/JKPickerViewControllerExampleTests-Info.plist";
				PRODUCT_NAME = "$(TARGET_NAME)";
				TEST_HOST = "$(BUNDLE_LOADER)";
				WRAPPER_EXTENSION = xctest;
			};
			name = Debug;
		};
		487C343318E99B38008F65EC /* Release */ = {
			isa = XCBuildConfiguration;
			buildSettings = {
				BUNDLE_LOADER = "$(BUILT_PRODUCTS_DIR)/JKPickerViewControllerExample.app/JKPickerViewControllerExample";
				FRAMEWORK_SEARCH_PATHS = (
					"$(SDKROOT)/Developer/Library/Frameworks",
					"$(inherited)",
					"$(DEVELOPER_FRAMEWORKS_DIR)",
				);
				GCC_PRECOMPILE_PREFIX_HEADER = YES;
				GCC_PREFIX_HEADER = "JKPickerViewControllerExample/JKPickerViewControllerExample-Prefix.pch";
				INFOPLIST_FILE = "JKPickerViewControllerExampleTests/JKPickerViewControllerExampleTests-Info.plist";
				PRODUCT_NAME = "$(TARGET_NAME)";
				TEST_HOST = "$(BUNDLE_LOADER)";
				WRAPPER_EXTENSION = xctest;
			};
			name = Release;
		};
/* End XCBuildConfiguration section */

/* Begin XCConfigurationList section */
		487C33F718E99B37008F65EC /* Build configuration list for PBXProject "JKPickerViewControllerExample" */ = {
			isa = XCConfigurationList;
			buildConfigurations = (
				487C342C18E99B38008F65EC /* Debug */,
				487C342D18E99B38008F65EC /* Release */,
			);
			defaultConfigurationIsVisible = 0;
			defaultConfigurationName = Release;
		};
		487C342E18E99B38008F65EC /* Build configuration list for PBXNativeTarget "JKPickerViewControllerExample" */ = {
			isa = XCConfigurationList;
			buildConfigurations = (
				487C342F18E99B38008F65EC /* Debug */,
				487C343018E99B38008F65EC /* Release */,
			);
			defaultConfigurationIsVisible = 0;
		};
		487C343118E99B38008F65EC /* Build configuration list for PBXNativeTarget "JKPickerViewControllerExampleTests" */ = {
			isa = XCConfigurationList;
			buildConfigurations = (
				487C343218E99B38008F65EC /* Debug */,
				487C343318E99B38008F65EC /* Release */,
			);
			defaultConfigurationIsVisible = 0;
		};
/* End XCConfigurationList section */
	};
	rootObject = 487C33F418E99B37008F65EC /* Project object */;
}
